
Microsoft Visual Studio Solution File, Format Version 12.00
# Visual Studio Version 16
VisualStudioVersion = 16.0.31424.327
MinimumVisualStudioVersion = 10.0.40219.1
Project("{FAE04EC0-301F-11D3-BF4B-00C04F79EFBC}") = "Prueba", "Prueba\Prueba.csproj", "{B9379308-6E45-4FEA-8BB4-D2D7074C23AE}"
EndProject
Global
	GlobalSection(SolutionConfigurationPlatforms) = preSolution
		Debug|Any CPU = Debug|Any CPU
		Release|Any CPU = Release|Any CPU
	EndGlobalSection
	GlobalSection(ProjectConfigurationPlatforms) = postSolution
		{B9379308-6E45-4FEA-8BB4-D2D7074C23AE}.Debug|Any CPU.ActiveCfg = Debug|Any CPU
		{B9379308-6E45-4FEA-8BB4-D2D7074C23AE}.Debug|Any CPU.Build.0 = Debug|Any CPU
		{B9379308-6E45-4FEA-8BB4-D2D7074C23AE}.Release|Any CPU.ActiveCfg = Release|Any CPU
		{B9379308-6E45-4FEA-8BB4-D2D7074C23AE}.Release|Any CPU.Build.0 = Release|Any CPU
	EndGlobalSection
	GlobalSection(SolutionProperties) = preSolution
		HideSolutionNode = FALSE
	EndGlobalSection
	GlobalSection(ExtensibilityGlobals) = postSolution
		SolutionGuid = {8EF2C273-60A4-40D0-B504-89D3E2C63DD2}
	EndGlobalSection
EndGlobal
